Microsoft Visual Studio Solution File, Format Version 12.00
# Visual Studio Version 17
VisualStudioVersion = 17.5.2.0
MinimumVisualStudioVersion = 10.0.40219.1
Project("{FAE04EC0-301F-11D3-BF4B-00C04F79EFBC}") = "Abacus.Manager", "Abacus.Manager.csproj", "{520C798E-559C-F51A-CCA5-2A68CB6EA0F5}"
EndProject
Project("{FAE04EC0-301F-11D3-BF4B-00C04F79EFBC}") = "Collections", "..\..\collections\source\Collections.csproj", "{5EF0C633-7E46-7C75-759B-83D9C6AFCD6B}"
EndProject
Project("{FAE04EC0-301F-11D3-BF4B-00C04F79EFBC}") = "Serialization", "..\..\serialization\source\Serialization.csproj", "{8FC549EA-13EC-1DE8-5C0C-98726FC9436F}"
EndProject
Project("{FAE04EC0-301F-11D3-BF4B-00C04F79EFBC}") = "Collections.Tests", "..\..\collections\tests\Collections.Tests.csproj", "{83B191DC-EB6D-81BF-8F89-E3146F8D8628}"
EndProject
Project("{FAE04EC0-301F-11D3-BF4B-00C04F79EFBC}") = "Unmanaged.Core", "..\..\unmanaged\core\Unmanaged.Core.csproj", "{6C158860-FF93-C56F-A493-CEB691F2B885}"
EndProject
Project("{FAE04EC0-301F-11D3-BF4B-00C04F79EFBC}") = "Clipboard", "..\..\clipboard\source\Clipboard.csproj", "{2E1F7BC3-C249-62C7-FD4A-CF09EECC8DC5}"
EndProject
Global
	GlobalSection(SolutionConfigurationPlatforms) = preSolution
		Debug|Any CPU = Debug|Any CPU
		Release|Any CPU = Release|Any CPU
	EndGlobalSection
	GlobalSection(ProjectConfigurationPlatforms) = postSolution
		{520C798E-559C-F51A-CCA5-2A68CB6EA0F5}.Debug|Any CPU.ActiveCfg = Debug|Any CPU
		{520C798E-559C-F51A-CCA5-2A68CB6EA0F5}.Debug|Any CPU.Build.0 = Debug|Any CPU
		{520C798E-559C-F51A-CCA5-2A68CB6EA0F5}.Release|Any CPU.ActiveCfg = Release|Any CPU
		{520C798E-559C-F51A-CCA5-2A68CB6EA0F5}.Release|Any CPU.Build.0 = Release|Any CPU
		{5EF0C633-7E46-7C75-759B-83D9C6AFCD6B}.Debug|Any CPU.ActiveCfg = Debug|Any CPU
		{5EF0C633-7E46-7C75-759B-83D9C6AFCD6B}.Debug|Any CPU.Build.0 = Debug|Any CPU
		{5EF0C633-7E46-7C75-759B-83D9C6AFCD6B}.Release|Any CPU.ActiveCfg = Release|Any CPU
		{5EF0C633-7E46-7C75-759B-83D9C6AFCD6B}.Release|Any CPU.Build.0 = Release|Any CPU
		{8FC549EA-13EC-1DE8-5C0C-98726FC9436F}.Debug|Any CPU.ActiveCfg = Debug|Any CPU
		{8FC549EA-13EC-1DE8-5C0C-98726FC9436F}.Debug|Any CPU.Build.0 = Debug|Any CPU
		{8FC549EA-13EC-1DE8-5C0C-98726FC9436F}.Release|Any CPU.ActiveCfg = Release|Any CPU
		{8FC549EA-13EC-1DE8-5C0C-98726FC9436F}.Release|Any CPU.Build.0 = Release|Any CPU
		{83B191DC-EB6D-81BF-8F89-E3146F8D8628}.Debug|Any CPU.ActiveCfg = Debug|Any CPU
		{83B191DC-EB6D-81BF-8F89-E3146F8D8628}.Debug|Any CPU.Build.0 = Debug|Any CPU
		{83B191DC-EB6D-81BF-8F89-E3146F8D8628}.Release|Any CPU.ActiveCfg = Release|Any CPU
		{83B191DC-EB6D-81BF-8F89-E3146F8D8628}.Release|Any CPU.Build.0 = Release|Any CPU
		{6C158860-FF93-C56F-A493-CEB691F2B885}.Debug|Any CPU.ActiveCfg = Debug|Any CPU
		{6C158860-FF93-C56F-A493-CEB691F2B885}.Debug|Any CPU.Build.0 = Debug|Any CPU
		{6C158860-FF93-C56F-A493-CEB691F2B885}.Release|Any CPU.ActiveCfg = Release|Any CPU
		{6C158860-FF93-C56F-A493-CEB691F2B885}.Release|Any CPU.Build.0 = Release|Any CPU
		{2E1F7BC3-C249-62C7-FD4A-CF09EECC8DC5}.Debug|Any CPU.ActiveCfg = Debug|Any CPU
		{2E1F7BC3-C249-62C7-FD4A-CF09EECC8DC5}.Debug|Any CPU.Build.0 = Debug|Any CPU
		{2E1F7BC3-C249-62C7-FD4A-CF09EECC8DC5}.Release|Any CPU.ActiveCfg = Release|Any CPU
		{2E1F7BC3-C249-62C7-FD4A-CF09EECC8DC5}.Release|Any CPU.Build.0 = Release|Any CPU
	EndGlobalSection
	GlobalSection(SolutionProperties) = preSolution
		HideSolutionNode = FALSE
	EndGlobalSection
	GlobalSection(ExtensibilityGlobals) = postSolution
		SolutionGuid = {92355CF1-6736-4BD1-9B35-06A60BC0260E}
	EndGlobalSection
EndGlobal
