<Solution>
  <Project Path="../../clipboard/source/Clipboard.csproj" />
  <Project Path="../../collections/source/Collections.csproj" />
  <Project Path="../../collections/tests/Collections.Tests.csproj" />
  <Project Path="../../unmanaged/core/Unmanaged.Core.csproj" />
  <Project Path="../../xml/source/XML.csproj" />
  <Project Path="Abacus.Manager.csproj" />
</Solution>
